// !$*UTF8*$!
{
	archiveVersion = 1;
	classes = {
	};
	objectVersion = 46;
	objects = {

/* Begin PBXBuildFile section */
		7863919E156297C200850697 /* bwt.cpp in Sources */ = {isa = PBXBuildFile; fileRef = 7863919D156297C200850697 /* bwt.cpp */; };
		A536A4D6143AAB5100A4F152 /* main.cpp in Sources */ = {isa = PBXBuildFile; fileRef = A536A4D5143AAB5100A4F152 /* main.cpp */; };
		A536A4D8143AAB5100A4F152 /* bwt.1 in CopyFiles */ = {isa = PBXBuildFile; fileRef = A536A4D7143AAB5100A4F152 /* bwt.1 */; };
		A5417CE9144EAE0C00BDAB44 /* compress.cpp in Sources */ = {isa = PBXBuildFile; fileRef = A5417CE8144EAE0C00BDAB44 /* compress.cpp */; };
/* End PBXBuildFile section */

/* Begin PBXCopyFilesBuildPhase section */
		A536A4CF143AAB5000A4F152 /* CopyFiles */ = {
			isa = PBXCopyFilesBuildPhase;
			buildActionMask = 2147483647;
			dstPath = /usr/share/man/man1/;
			dstSubfolderSpec = 0;
			files = (
				A536A4D8143AAB5100A4F152 /* bwt.1 in CopyFiles */,
			);
			runOnlyForDeploymentPostprocessing = 1;
		};
/* End PBXCopyFilesBuildPhase section */

/* Begin PBXFileReference section */
		7863919D156297C200850697 /* bwt.cpp */ = {isa = PBXFileReference; fileEncoding = 4; lastKnownFileType = sourcecode.cpp.cpp; path = bwt.cpp; sourceTree = "<group>"; };
		A536A4D1143AAB5100A4F152 /* bwt */ = {isa = PBXFileReference; explicitFileType = "compiled.mach-o.executable"; includeInIndex = 0; path = bwt; sourceTree = BUILT_PRODUCTS_DIR; };
		A536A4D5143AAB5100A4F152 /* main.cpp */ = {isa = PBXFileReference; lastKnownFileType = sourcecode.cpp.cpp; path = main.cpp; sourceTree = "<group>"; };
		A536A4D7143AAB5100A4F152 /* bwt.1 */ = {isa = PBXFileReference; lastKnownFileType = text.man; path = bwt.1; sourceTree = "<group>"; };
		A5417CE8144EAE0C00BDAB44 /* compress.cpp */ = {isa = PBXFileReference; fileEncoding = 4; lastKnownFileType = sourcecode.cpp.cpp; path = compress.cpp; sourceTree = "<group>"; };
/* End PBXFileReference section */

/* Begin PBXFrameworksBuildPhase section */
		A536A4CE143AAB5000A4F152 /* Frameworks */ = {
			isa = PBXFrameworksBuildPhase;
			buildActionMask = 2147483647;
			files = (
			);
			runOnlyForDeploymentPostprocessing = 0;
		};
/* End PBXFrameworksBuildPhase section */

/* Begin PBXGroup section */
		A536A4C6143AAB5000A4F152 = {
			isa = PBXGroup;
			children = (
				A536A4D4143AAB5100A4F152 /* bwt */,
				A536A4D2143AAB5100A4F152 /* Products */,
			);
			sourceTree = "<group>";
		};
		A536A4D2143AAB5100A4F152 /* Products */ = {
			isa = PBXGroup;
			children = (
				A536A4D1143AAB5100A4F152 /* bwt */,
			);
			name = Products;
			sourceTree = "<group>";
		};
		A536A4D4143AAB5100A4F152 /* bwt */ = {
			isa = PBXGroup;
			children = (
				A536A4D5143AAB5100A4F152 /* main.cpp */,
				A5417CE8144EAE0C00BDAB44 /* compress.cpp */,
				7863919D156297C200850697 /* bwt.cpp */,
				A536A4D7143AAB5100A4F152 /* bwt.1 */,
			);
			path = bwt;
			sourceTree = "<group>";
		};
/* End PBXGroup section */

/* Begin PBXNativeTarget section */
		A536A4D0143AAB5000A4F152 /* bwt */ = {
			isa = PBXNativeTarget;
			buildConfigurationList = A536A4DB143AAB5100A4F152 /* Build configuration list for PBXNativeTarget "bwt" */;
			buildPhases = (
				A536A4CD143AAB5000A4F152 /* Sources */,
				A536A4CE143AAB5000A4F152 /* Frameworks */,
				A536A4CF143AAB5000A4F152 /* CopyFiles */,
			);
			buildRules = (
			);
			dependencies = (
			);
			name = bwt;
			productName = bwt;
			productReference = A536A4D1143AAB5100A4F152 /* bwt */;
			productType = "com.apple.product-type.tool";
		};
/* End PBXNativeTarget section */

/* Begin PBXProject section */
		A536A4C8143AAB5000A4F152 /* Project object */ = {
			isa = PBXProject;
			buildConfigurationList = A536A4CB143AAB5000A4F152 /* Build configuration list for PBXProject "bwt" */;
			compatibilityVersion = "Xcode 3.2";
			developmentRegion = English;
			hasScannedForEncodings = 0;
			knownRegions = (
				en,
			);
			mainGroup = A536A4C6143AAB5000A4F152;
			productRefGroup = A536A4D2143AAB5100A4F152 /* Products */;
			projectDirPath = "";
			projectRoot = "";
			targets = (
				A536A4D0143AAB5000A4F152 /* bwt */,
			);
		};
/* End PBXProject section */

/* Begin PBXSourcesBuildPhase section */
		A536A4CD143AAB5000A4F152 /* Sources */ = {
			isa = PBXSourcesBuildPhase;
			buildActionMask = 2147483647;
			files = (
				A536A4D6143AAB5100A4F152 /* main.cpp in Sources */,
				A5417CE9144EAE0C00BDAB44 /* compress.cpp in Sources */,
				7863919E156297C200850697 /* bwt.cpp in Sources */,
			);
			runOnlyForDeploymentPostprocessing = 0;
		};
/* End PBXSourcesBuildPhase section */

/* Begin XCBuildConfiguration section */
		A536A4D9143AAB5100A4F152 /* Debug */ = {
			isa = XCBuildConfiguration;
			buildSettings = {
				ALWAYS_SEARCH_USER_PATHS = NO;
				ARCHS = "$(ARCHS_STANDARD_64_BIT)";
				COPY_PHASE_STRIP = NO;
				GCC_C_LANGUAGE_STANDARD = gnu99;
				GCC_DYNAMIC_NO_PIC = NO;
				GCC_ENABLE_OBJC_EXCEPTIONS = YES;
				GCC_OPTIMIZATION_LEVEL = 0;
				GCC_PREPROCESSOR_DEFINITIONS = (
					"DEBUG=1",
					"$(inherited)",
				);
				GCC_SYMBOLS_PRIVATE_EXTERN = NO;
				GCC_VERSION = com.apple.compilers.llvm.clang.1_0;
				GCC_WARN_64_TO_32_BIT_CONVERSION = YES;
				GCC_WARN_ABOUT_MISSING_PROTOTYPES = YES;
				GCC_WARN_ABOUT_RETURN_TYPE = YES;
				GCC_WARN_UNUSED_VARIABLE = YES;
				MACOSX_DEPLOYMENT_TARGET = 10.7;
				ONLY_ACTIVE_ARCH = YES;
				SDKROOT = macosx;
			};
			name = Debug;
		};
		A536A4DA143AAB5100A4F152 /* Release */ = {
			isa = XCBuildConfiguration;
			buildSettings = {
				ALWAYS_SEARCH_USER_PATHS = NO;
				ARCHS = "$(ARCHS_STANDARD_64_BIT)";
				COPY_PHASE_STRIP = YES;
				DEBUG_INFORMATION_FORMAT = "dwarf-with-dsym";
				GCC_C_LANGUAGE_STANDARD = gnu99;
				GCC_ENABLE_OBJC_EXCEPTIONS = YES;
				GCC_VERSION = com.apple.compilers.llvm.clang.1_0;
				GCC_WARN_64_TO_32_BIT_CONVERSION = YES;
				GCC_WARN_ABOUT_MISSING_PROTOTYPES = YES;
				GCC_WARN_ABOUT_RETURN_TYPE = YES;
				GCC_WARN_UNUSED_VARIABLE = YES;
				MACOSX_DEPLOYMENT_TARGET = 10.7;
				SDKROOT = macosx;
			};
			name = Release;
		};
		A536A4DC143AAB5100A4F152 /* Debug */ = {
			isa = XCBuildConfiguration;
			buildSettings = {
				PRODUCT_NAME = "$(TARGET_NAME)";
			};
			name = Debug;
		};
		A536A4DD143AAB5100A4F152 /* Release */ = {
			isa = XCBuildConfiguration;
			buildSettings = {
				PRODUCT_NAME = "$(TARGET_NAME)";
			};
			name = Release;
		};
/* End XCBuildConfiguration section */

/* Begin XCConfigurationList section */
		A536A4CB143AAB5000A4F152 /* Build configuration list for PBXProject "bwt" */ = {
			isa = XCConfigurationList;
			buildConfigurations = (
				A536A4D9143AAB5100A4F152 /* Debug */,
				A536A4DA143AAB5100A4F152 /* Release */,
			);
			defaultConfigurationIsVisible = 0;
			defaultConfigurationName = Release;
		};
		A536A4DB143AAB5100A4F152 /* Build configuration list for PBXNativeTarget "bwt" */ = {
			isa = XCConfigurationList;
			buildConfigurations = (
				A536A4DC143AAB5100A4F152 /* Debug */,
				A536A4DD143AAB5100A4F152 /* Release */,
			);
			defaultConfigurationIsVisible = 0;
			defaultConfigurationName = Release;
		};
/* End XCConfigurationList section */
	};
	rootObject = A536A4C8143AAB5000A4F152 /* Project object */;
}
