// !$*UTF8*$!
{
	archiveVersion = 1;
	classes = {
	};
	objectVersion = 46;
	objects = {

/* Begin PBXBuildFile section */
		782E7B7B15E49BC200161BAD /* bwt.cpp in Sources */ = {isa = PBXBuildFile; fileRef = 782E7B7215E49BC200161BAD /* bwt.cpp */; };
		782E7B7C15E49BC200161BAD /* common.cpp in Sources */ = {isa = PBXBuildFile; fileRef = 782E7B7415E49BC200161BAD /* common.cpp */; };
		782E7B7D15E49BC200161BAD /* FFT.cpp in Sources */ = {isa = PBXBuildFile; fileRef = 782E7B7615E49BC200161BAD /* FFT.cpp */; };
		782E7B7E15E49BC200161BAD /* main.cpp in Sources */ = {isa = PBXBuildFile; fileRef = 782E7B7815E49BC200161BAD /* main.cpp */; };
		782E7B7F15E49BC200161BAD /* motif.cpp in Sources */ = {isa = PBXBuildFile; fileRef = 782E7B7915E49BC200161BAD /* motif.cpp */; };
		A536A4D8143AAB5100A4F152 /* bwt.1 in CopyFiles */ = {isa = PBXBuildFile; fileRef = A536A4D7143AAB5100A4F152 /* bwt.1 */; };
/* End PBXBuildFile section */

/* Begin PBXCopyFilesBuildPhase section */
		A536A4CF143AAB5000A4F152 /* CopyFiles */ = {
			isa = PBXCopyFilesBuildPhase;
			buildActionMask = 2147483647;
			dstPath = /usr/share/man/man1/;
			dstSubfolderSpec = 0;
			files = (
				A536A4D8143AAB5100A4F152 /* bwt.1 in CopyFiles */,
			);
			runOnlyForDeploymentPostprocessing = 1;
		};
/* End PBXCopyFilesBuildPhase section */

/* Begin PBXFileReference section */
		782E7B7215E49BC200161BAD /* bwt.cpp */ = {isa = PBXFileReference; fileEncoding = 4; lastKnownFileType = sourcecode.cpp.cpp; path = bwt.cpp; sourceTree = "<group>"; };
		782E7B7315E49BC200161BAD /* bwt.h */ = {isa = PBXFileReference; fileEncoding = 4; lastKnownFileType = sourcecode.c.h; path = bwt.h; sourceTree = "<group>"; };
		782E7B7415E49BC200161BAD /* common.cpp */ = {isa = PBXFileReference; fileEncoding = 4; lastKnownFileType = sourcecode.cpp.cpp; lineEnding = 0; path = common.cpp; sourceTree = "<group>"; xcLanguageSpecificationIdentifier = xcode.lang.cpp; };
		782E7B7515E49BC200161BAD /* common.h */ = {isa = PBXFileReference; fileEncoding = 4; lastKnownFileType = sourcecode.c.h; lineEnding = 0; path = common.h; sourceTree = "<group>"; xcLanguageSpecificationIdentifier = xcode.lang.objcpp; };
		782E7B7615E49BC200161BAD /* FFT.cpp */ = {isa = PBXFileReference; fileEncoding = 4; lastKnownFileType = sourcecode.cpp.cpp; path = FFT.cpp; sourceTree = "<group>"; };
		782E7B7715E49BC200161BAD /* FFT.h */ = {isa = PBXFileReference; fileEncoding = 4; lastKnownFileType = sourcecode.c.h; path = FFT.h; sourceTree = "<group>"; };
		782E7B7815E49BC200161BAD /* main.cpp */ = {isa = PBXFileReference; fileEncoding = 4; lastKnownFileType = sourcecode.cpp.cpp; lineEnding = 0; path = main.cpp; sourceTree = "<group>"; xcLanguageSpecificationIdentifier = xcode.lang.cpp; };
		782E7B7915E49BC200161BAD /* motif.cpp */ = {isa = PBXFileReference; fileEncoding = 4; lastKnownFileType = sourcecode.cpp.cpp; lineEnding = 0; path = motif.cpp; sourceTree = "<group>"; xcLanguageSpecificationIdentifier = xcode.lang.cpp; };
		782E7B7A15E49BC200161BAD /* motif.h */ = {isa = PBXFileReference; fileEncoding = 4; lastKnownFileType = sourcecode.c.h; lineEnding = 0; path = motif.h; sourceTree = "<group>"; xcLanguageSpecificationIdentifier = xcode.lang.objcpp; };
		7885A7FE1568E86200C5DE99 /* temp.bed */ = {isa = PBXFileReference; fileEncoding = 4; lastKnownFileType = text; path = temp.bed; sourceTree = "<group>"; };
		7885A7FF1568E86200C5DE99 /* temp.fa */ = {isa = PBXFileReference; fileEncoding = 4; lastKnownFileType = text; path = temp.fa; sourceTree = "<group>"; };
		78ACBF771574A613003217D6 /* temp.wig */ = {isa = PBXFileReference; fileEncoding = 4; lastKnownFileType = text; path = temp.wig; sourceTree = "<group>"; };
		A536A4D1143AAB5100A4F152 /* bwt */ = {isa = PBXFileReference; explicitFileType = "compiled.mach-o.executable"; includeInIndex = 0; path = bwt; sourceTree = BUILT_PRODUCTS_DIR; };
		A536A4D7143AAB5100A4F152 /* bwt.1 */ = {isa = PBXFileReference; lastKnownFileType = text.man; lineEnding = 2; path = bwt.1; sourceTree = "<group>"; };
/* End PBXFileReference section */

/* Begin PBXFrameworksBuildPhase section */
		A536A4CE143AAB5000A4F152 /* Frameworks */ = {
			isa = PBXFrameworksBuildPhase;
			buildActionMask = 2147483647;
			files = (
			);
			runOnlyForDeploymentPostprocessing = 0;
		};
/* End PBXFrameworksBuildPhase section */

/* Begin PBXGroup section */
		A536A4C6143AAB5000A4F152 = {
			isa = PBXGroup;
			children = (
				A536A4D4143AAB5100A4F152 /* bwt */,
				A536A4D2143AAB5100A4F152 /* Products */,
			);
			sourceTree = "<group>";
		};
		A536A4D2143AAB5100A4F152 /* Products */ = {
			isa = PBXGroup;
			children = (
				A536A4D1143AAB5100A4F152 /* bwt */,
			);
			name = Products;
			sourceTree = "<group>";
		};
		A536A4D4143AAB5100A4F152 /* bwt */ = {
			isa = PBXGroup;
			children = (
				782E7B7215E49BC200161BAD /* bwt.cpp */,
				782E7B7315E49BC200161BAD /* bwt.h */,
				782E7B7415E49BC200161BAD /* common.cpp */,
				782E7B7515E49BC200161BAD /* common.h */,
				782E7B7615E49BC200161BAD /* FFT.cpp */,
				782E7B7715E49BC200161BAD /* FFT.h */,
				782E7B7815E49BC200161BAD /* main.cpp */,
				782E7B7915E49BC200161BAD /* motif.cpp */,
				782E7B7A15E49BC200161BAD /* motif.h */,
				A536A4D7143AAB5100A4F152 /* bwt.1 */,
				7885A7FE1568E86200C5DE99 /* temp.bed */,
				78ACBF771574A613003217D6 /* temp.wig */,
				7885A7FF1568E86200C5DE99 /* temp.fa */,
			);
			path = bwt;
			sourceTree = "<group>";
		};
/* End PBXGroup section */

/* Begin PBXNativeTarget section */
		A536A4D0143AAB5000A4F152 /* bwt */ = {
			isa = PBXNativeTarget;
			buildConfigurationList = A536A4DB143AAB5100A4F152 /* Build configuration list for PBXNativeTarget "bwt" */;
			buildPhases = (
				A536A4CD143AAB5000A4F152 /* Sources */,
				A536A4CE143AAB5000A4F152 /* Frameworks */,
				A536A4CF143AAB5000A4F152 /* CopyFiles */,
			);
			buildRules = (
			);
			dependencies = (
			);
			name = bwt;
			productName = bwt;
			productReference = A536A4D1143AAB5100A4F152 /* bwt */;
			productType = "com.apple.product-type.tool";
		};
/* End PBXNativeTarget section */

/* Begin PBXProject section */
		A536A4C8143AAB5000A4F152 /* Project object */ = {
			isa = PBXProject;
			attributes = {
				LastUpgradeCheck = 0430;
			};
			buildConfigurationList = A536A4CB143AAB5000A4F152 /* Build configuration list for PBXProject "bwt" */;
			compatibilityVersion = "Xcode 3.2";
			developmentRegion = English;
			hasScannedForEncodings = 0;
			knownRegions = (
				en,
			);
			mainGroup = A536A4C6143AAB5000A4F152;
			productRefGroup = A536A4D2143AAB5100A4F152 /* Products */;
			projectDirPath = "";
			projectRoot = "";
			targets = (
				A536A4D0143AAB5000A4F152 /* bwt */,
			);
		};
/* End PBXProject section */

/* Begin PBXSourcesBuildPhase section */
		A536A4CD143AAB5000A4F152 /* Sources */ = {
			isa = PBXSourcesBuildPhase;
			buildActionMask = 2147483647;
			files = (
				782E7B7B15E49BC200161BAD /* bwt.cpp in Sources */,
				782E7B7C15E49BC200161BAD /* common.cpp in Sources */,
				782E7B7D15E49BC200161BAD /* FFT.cpp in Sources */,
				782E7B7E15E49BC200161BAD /* main.cpp in Sources */,
				782E7B7F15E49BC200161BAD /* motif.cpp in Sources */,
			);
			runOnlyForDeploymentPostprocessing = 0;
		};
/* End PBXSourcesBuildPhase section */

/* Begin XCBuildConfiguration section */
		A536A4D9143AAB5100A4F152 /* Debug */ = {
			isa = XCBuildConfiguration;
			buildSettings = {
				ALWAYS_SEARCH_USER_PATHS = NO;
				ARCHS = "$(ARCHS_STANDARD_64_BIT)";
				COPY_PHASE_STRIP = NO;
				GCC_C_LANGUAGE_STANDARD = gnu99;
				GCC_DYNAMIC_NO_PIC = NO;
				GCC_ENABLE_OBJC_EXCEPTIONS = YES;
				GCC_OPTIMIZATION_LEVEL = 0;
				GCC_PREPROCESSOR_DEFINITIONS = (
					"DEBUG=1",
					"$(inherited)",
				);
				GCC_SYMBOLS_PRIVATE_EXTERN = NO;
				GCC_VERSION = "";
				GCC_WARN_64_TO_32_BIT_CONVERSION = YES;
				GCC_WARN_ABOUT_MISSING_PROTOTYPES = YES;
				GCC_WARN_ABOUT_RETURN_TYPE = YES;
				GCC_WARN_UNUSED_VARIABLE = YES;
				MACOSX_DEPLOYMENT_TARGET = 10.7;
				ONLY_ACTIVE_ARCH = YES;
				SDKROOT = macosx;
			};
			name = Debug;
		};
		A536A4DA143AAB5100A4F152 /* Release */ = {
			isa = XCBuildConfiguration;
			buildSettings = {
				ALWAYS_SEARCH_USER_PATHS = NO;
				ARCHS = "$(ARCHS_STANDARD_64_BIT)";
				COPY_PHASE_STRIP = YES;
				DEBUG_INFORMATION_FORMAT = "dwarf-with-dsym";
				GCC_C_LANGUAGE_STANDARD = gnu99;
				GCC_ENABLE_OBJC_EXCEPTIONS = YES;
				GCC_VERSION = "";
				GCC_WARN_64_TO_32_BIT_CONVERSION = YES;
				GCC_WARN_ABOUT_MISSING_PROTOTYPES = YES;
				GCC_WARN_ABOUT_RETURN_TYPE = YES;
				GCC_WARN_UNUSED_VARIABLE = YES;
				MACOSX_DEPLOYMENT_TARGET = 10.7;
				SDKROOT = macosx;
			};
			name = Release;
		};
		A536A4DC143AAB5100A4F152 /* Debug */ = {
			isa = XCBuildConfiguration;
			buildSettings = {
				PRODUCT_NAME = "$(TARGET_NAME)";
			};
			name = Debug;
		};
		A536A4DD143AAB5100A4F152 /* Release */ = {
			isa = XCBuildConfiguration;
			buildSettings = {
				PRODUCT_NAME = "$(TARGET_NAME)";
			};
			name = Release;
		};
/* End XCBuildConfiguration section */

/* Begin XCConfigurationList section */
		A536A4CB143AAB5000A4F152 /* Build configuration list for PBXProject "bwt" */ = {
			isa = XCConfigurationList;
			buildConfigurations = (
				A536A4D9143AAB5100A4F152 /* Debug */,
				A536A4DA143AAB5100A4F152 /* Release */,
			);
			defaultConfigurationIsVisible = 0;
			defaultConfigurationName = Release;
		};
		A536A4DB143AAB5100A4F152 /* Build configuration list for PBXNativeTarget "bwt" */ = {
			isa = XCConfigurationList;
			buildConfigurations = (
				A536A4DC143AAB5100A4F152 /* Debug */,
				A536A4DD143AAB5100A4F152 /* Release */,
			);
			defaultConfigurationIsVisible = 0;
			defaultConfigurationName = Release;
		};
/* End XCConfigurationList section */
	};
	rootObject = A536A4C8143AAB5000A4F152 /* Project object */;
}
